// !$*UTF8*$!
{
	archiveVersion = 1;
	classes = {
	};
	objectVersion = 46;
	objects = {

/* Begin PBXAggregateTarget section */
		DD647F9E22AFC04B003674C3 /* Run SwiftLint */ = {
			isa = PBXAggregateTarget;
			buildConfigurationList = DD647F9F22AFC04B003674C3 /* Build configuration list for PBXAggregateTarget "Run SwiftLint" */;
			buildPhases = (
				DD647FA222AFC04F003674C3 /* Run SwiftLint */,
			);
			dependencies = (
			);
			name = "Run SwiftLint";
			productName = "Run SwiftLint";
		};
/* End PBXAggregateTarget section */

/* Begin PBXBuildFile section */
		DD647F8522AFBF71003674C3 /* JNGradientLabel.swift in Sources */ = {isa = PBXBuildFile; fileRef = DD647F8422AFBF71003674C3 /* JNGradientLabel.swift */; };
		DD647FB022AFCA18003674C3 /* AppDelegate.swift in Sources */ = {isa = PBXBuildFile; fileRef = DD647FAF22AFCA18003674C3 /* AppDelegate.swift */; };
		DD647FB222AFCA18003674C3 /* ViewController.swift in Sources */ = {isa = PBXBuildFile; fileRef = DD647FB122AFCA18003674C3 /* ViewController.swift */; };
		DD647FB522AFCA18003674C3 /* Main.storyboard in Resources */ = {isa = PBXBuildFile; fileRef = DD647FB322AFCA18003674C3 /* Main.storyboard */; };
		DD647FBA22AFCA1A003674C3 /* LaunchScreen.storyboard in Resources */ = {isa = PBXBuildFile; fileRef = DD647FB822AFCA1A003674C3 /* LaunchScreen.storyboard */; };
		DD647FC022AFCACF003674C3 /* Images.xcassets in Resources */ = {isa = PBXBuildFile; fileRef = DD647FBF22AFCACF003674C3 /* Images.xcassets */; };
		DD647FC322AFCD41003674C3 /* JNGradientLabel.framework in Frameworks */ = {isa = PBXBuildFile; fileRef = DD647F7C22AFBF46003674C3 /* JNGradientLabel.framework */; };
		DD647FC422AFCD41003674C3 /* JNGradientLabel.framework in Embed Frameworks */ = {isa = PBXBuildFile; fileRef = DD647F7C22AFBF46003674C3 /* JNGradientLabel.framework */; settings = {ATTRIBUTES = (CodeSignOnCopy, RemoveHeadersOnCopy, ); }; };
/* End PBXBuildFile section */

/* Begin PBXContainerItemProxy section */
		DD647FA322AFC074003674C3 /* PBXContainerItemProxy */ = {
			isa = PBXContainerItemProxy;
			containerPortal = 607FACC81AFB9204008FA782 /* Project object */;
			proxyType = 1;
			remoteGlobalIDString = DD647F9E22AFC04B003674C3;
			remoteInfo = "Run SwiftLint";
		};
		DD647FC122AFCBFF003674C3 /* PBXContainerItemProxy */ = {
			isa = PBXContainerItemProxy;
			containerPortal = 607FACC81AFB9204008FA782 /* Project object */;
			proxyType = 1;
			remoteGlobalIDString = DD647F7B22AFBF46003674C3;
			remoteInfo = JNGradientLabel;
		};
/* End PBXContainerItemProxy section */

/* Begin PBXCopyFilesBuildPhase section */
		DD647FC522AFCD41003674C3 /* Embed Frameworks */ = {
			isa = PBXCopyFilesBuildPhase;
			buildActionMask = 2147483647;
			dstPath = "";
			dstSubfolderSpec = 10;
			files = (
				DD647FC422AFCD41003674C3 /* JNGradientLabel.framework in Embed Frameworks */,
			);
			name = "Embed Frameworks";
			runOnlyForDeploymentPostprocessing = 0;
		};
/* End PBXCopyFilesBuildPhase section */

/* Begin PBXFileReference section */
		280507FD4E2A6A9770477F54 /* Pods_JNGradientLabelExample.framework */ = {isa = PBXFileReference; explicitFileType = wrapper.framework; includeInIndex = 0; path = Pods_JNGradientLabelExample.framework; sourceTree = BUILT_PRODUCTS_DIR; };
		38CC8BF70B5B51C432416806 /* README.md */ = {isa = PBXFileReference; includeInIndex = 1; lastKnownFileType = net.daringfireball.markdown; name = README.md; path = ../README.md; sourceTree = "<group>"; };
		88407145F5032820794AB5D3 /* JNGradientLabel.podspec */ = {isa = PBXFileReference; includeInIndex = 1; lastKnownFileType = text; path = JNGradientLabel.podspec; sourceTree = SOURCE_ROOT; xcLanguageSpecificationIdentifier = xcode.lang.ruby; };
		DD647F7422AFBF1D003674C3 /* .swiftlint.yml */ = {isa = PBXFileReference; lastKnownFileType = text; name = .swiftlint.yml; path = ../.swiftlint.yml; sourceTree = "<group>"; };
		DD647F7522AFBF1D003674C3 /* .travis.yml */ = {isa = PBXFileReference; lastKnownFileType = text; name = .travis.yml; path = ../.travis.yml; sourceTree = "<group>"; };
		DD647F7C22AFBF46003674C3 /* JNGradientLabel.framework */ = {isa = PBXFileReference; explicitFileType = wrapper.framework; includeInIndex = 0; path = JNGradientLabel.framework; sourceTree = BUILT_PRODUCTS_DIR; };
		DD647F8422AFBF71003674C3 /* JNGradientLabel.swift */ = {isa = PBXFileReference; fileEncoding = 4; lastKnownFileType = sourcecode.swift; path = JNGradientLabel.swift; sourceTree = "<group>"; };
		DD647F9A22AFBFD7003674C3 /* Info.plist */ = {isa = PBXFileReference; fileEncoding = 4; lastKnownFileType = text.plist.xml; path = Info.plist; sourceTree = "<group>"; };
		DD647FAD22AFCA18003674C3 /* JNGradientLabelExample.app */ = {isa = PBXFileReference; explicitFileType = wrapper.application; includeInIndex = 0; path = JNGradientLabelExample.app; sourceTree = BUILT_PRODUCTS_DIR; };
		DD647FAF22AFCA18003674C3 /* AppDelegate.swift */ = {isa = PBXFileReference; lastKnownFileType = sourcecode.swift; path = AppDelegate.swift; sourceTree = "<group>"; };
		DD647FB122AFCA18003674C3 /* ViewController.swift */ = {isa = PBXFileReference; lastKnownFileType = sourcecode.swift; path = ViewController.swift; sourceTree = "<group>"; };
		DD647FB422AFCA18003674C3 /* Base */ = {isa = PBXFileReference; lastKnownFileType = file.storyboard; name = Base; path = Base.lproj/Main.storyboard; sourceTree = "<group>"; };
		DD647FB922AFCA1A003674C3 /* Base */ = {isa = PBXFileReference; lastKnownFileType = file.storyboard; name = Base; path = Base.lproj/LaunchScreen.storyboard; sourceTree = "<group>"; };
		DD647FBB22AFCA1A003674C3 /* Info.plist */ = {isa = PBXFileReference; lastKnownFileType = text.plist.xml; path = Info.plist; sourceTree = "<group>"; };
		DD647FBF22AFCACF003674C3 /* Images.xcassets */ = {isa = PBXFileReference; lastKnownFileType = folder.assetcatalog; path = Images.xcassets; sourceTree = "<group>"; };
		EFE8A019F4C50A5C5FE3DCC9 /* LICENSE */ = {isa = PBXFileReference; includeInIndex = 1; lastKnownFileType = text; name = LICENSE; path = ../LICENSE; sourceTree = "<group>"; };
/* End PBXFileReference section */

/* Begin PBXFrameworksBuildPhase section */
		DD647F7922AFBF46003674C3 /* Frameworks */ = {
			isa = PBXFrameworksBuildPhase;
			buildActionMask = 2147483647;
			files = (
			);
			runOnlyForDeploymentPostprocessing = 0;
		};
		DD647FAA22AFCA18003674C3 /* Frameworks */ = {
			isa = PBXFrameworksBuildPhase;
			buildActionMask = 2147483647;
			files = (
				DD647FC322AFCD41003674C3 /* JNGradientLabel.framework in Frameworks */,
			);
			runOnlyForDeploymentPostprocessing = 0;
		};
/* End PBXFrameworksBuildPhase section */

/* Begin PBXGroup section */
		607FACC71AFB9204008FA782 = {
			isa = PBXGroup;
			children = (
				DD647F7622AFBF22003674C3 /* JNGradientLabel */,
				DD647FAE22AFCA18003674C3 /* JNGradientLabelExample */,
				607FACD11AFB9204008FA782 /* Products */,
				BCC9F1AA07282E50A58913D3 /* Frameworks */,
			);
			sourceTree = "<group>";
		};
		607FACD11AFB9204008FA782 /* Products */ = {
			isa = PBXGroup;
			children = (
				DD647F7C22AFBF46003674C3 /* JNGradientLabel.framework */,
				DD647FAD22AFCA18003674C3 /* JNGradientLabelExample.app */,
			);
			name = Products;
			sourceTree = "<group>";
		};
		BCC9F1AA07282E50A58913D3 /* Frameworks */ = {
			isa = PBXGroup;
			children = (
				280507FD4E2A6A9770477F54 /* Pods_JNGradientLabelExample.framework */,
			);
			name = Frameworks;
			sourceTree = "<group>";
		};
		DD647F7622AFBF22003674C3 /* JNGradientLabel */ = {
			isa = PBXGroup;
			children = (
				DD647F9822AFBFBC003674C3 /* Sources */,
				DD647F9922AFBFC2003674C3 /* Supporting Files */,
			);
			path = JNGradientLabel;
			sourceTree = "<group>";
		};
		DD647F9822AFBFBC003674C3 /* Sources */ = {
			isa = PBXGroup;
			children = (
				DD647F8422AFBF71003674C3 /* JNGradientLabel.swift */,
			);
			name = Sources;
			sourceTree = "<group>";
		};
		DD647F9922AFBFC2003674C3 /* Supporting Files */ = {
			isa = PBXGroup;
			children = (
				88407145F5032820794AB5D3 /* JNGradientLabel.podspec */,
				DD647F7422AFBF1D003674C3 /* .swiftlint.yml */,
				DD647F7522AFBF1D003674C3 /* .travis.yml */,
				38CC8BF70B5B51C432416806 /* README.md */,
				EFE8A019F4C50A5C5FE3DCC9 /* LICENSE */,
				DD647F9A22AFBFD7003674C3 /* Info.plist */,
			);
			name = "Supporting Files";
			sourceTree = "<group>";
		};
		DD647FAE22AFCA18003674C3 /* JNGradientLabelExample */ = {
			isa = PBXGroup;
			children = (
				DD647FAF22AFCA18003674C3 /* AppDelegate.swift */,
				DD647FB122AFCA18003674C3 /* ViewController.swift */,
				DD647FB322AFCA18003674C3 /* Main.storyboard */,
				DD647FBF22AFCACF003674C3 /* Images.xcassets */,
				DD647FB822AFCA1A003674C3 /* LaunchScreen.storyboard */,
				DD647FBB22AFCA1A003674C3 /* Info.plist */,
			);
			path = JNGradientLabelExample;
			sourceTree = "<group>";
		};
/* End PBXGroup section */

/* Begin PBXHeadersBuildPhase section */
		DD647F7722AFBF46003674C3 /* Headers */ = {
			isa = PBXHeadersBuildPhase;
			buildActionMask = 2147483647;
			files = (
			);
			runOnlyForDeploymentPostprocessing = 0;
		};
/* End PBXHeadersBuildPhase section */

/* Begin PBXNativeTarget section */
		DD647F7B22AFBF46003674C3 /* JNGradientLabel */ = {
			isa = PBXNativeTarget;
			buildConfigurationList = DD647F8122AFBF46003674C3 /* Build configuration list for PBXNativeTarget "JNGradientLabel" */;
			buildPhases = (
				DD647F7722AFBF46003674C3 /* Headers */,
				DD647F7822AFBF46003674C3 /* Sources */,
				DD647F7922AFBF46003674C3 /* Frameworks */,
				DD647F7A22AFBF46003674C3 /* Resources */,
			);
			buildRules = (
			);
			dependencies = (
				DD647FA422AFC074003674C3 /* PBXTargetDependency */,
			);
			name = JNGradientLabel;
			productName = JNGradientLabel;
			productReference = DD647F7C22AFBF46003674C3 /* JNGradientLabel.framework */;
			productType = "com.apple.product-type.framework";
		};
		DD647FAC22AFCA18003674C3 /* JNGradientLabelExample */ = {
			isa = PBXNativeTarget;
			buildConfigurationList = DD647FBC22AFCA1A003674C3 /* Build configuration list for PBXNativeTarget "JNGradientLabelExample" */;
			buildPhases = (
				DD647FA922AFCA18003674C3 /* Sources */,
				DD647FAA22AFCA18003674C3 /* Frameworks */,
				DD647FAB22AFCA18003674C3 /* Resources */,
				DD647FC522AFCD41003674C3 /* Embed Frameworks */,
			);
			buildRules = (
			);
			dependencies = (
				DD647FC222AFCBFF003674C3 /* PBXTargetDependency */,
			);
			name = JNGradientLabelExample;
			productName = JNGradientLabelExample;
			productReference = DD647FAD22AFCA18003674C3 /* JNGradientLabelExample.app */;
			productType = "com.apple.product-type.application";
		};
/* End PBXNativeTarget section */

/* Begin PBXProject section */
		607FACC81AFB9204008FA782 /* Project object */ = {
			isa = PBXProject;
			attributes = {
				LastSwiftUpdateCheck = 1020;
				LastUpgradeCheck = 1020;
				ORGANIZATIONNAME = CocoaPods;
				TargetAttributes = {
					DD647F7B22AFBF46003674C3 = {
						CreatedOnToolsVersion = 10.2.1;
						LastSwiftMigration = 1020;
						ProvisioningStyle = Automatic;
					};
					DD647F9E22AFC04B003674C3 = {
						CreatedOnToolsVersion = 10.2.1;
						ProvisioningStyle = Automatic;
					};
					DD647FAC22AFCA18003674C3 = {
						CreatedOnToolsVersion = 10.2.1;
						ProvisioningStyle = Automatic;
					};
				};
			};
			buildConfigurationList = 607FACCB1AFB9204008FA782 /* Build configuration list for PBXProject "JNGradientLabel" */;
			compatibilityVersion = "Xcode 3.2";
			developmentRegion = en;
			hasScannedForEncodings = 0;
			knownRegions = (
				en,
				Base,
			);
			mainGroup = 607FACC71AFB9204008FA782;
			productRefGroup = 607FACD11AFB9204008FA782 /* Products */;
			projectDirPath = "";
			projectRoot = "";
			targets = (
				DD647FAC22AFCA18003674C3 /* JNGradientLabelExample */,
				DD647F7B22AFBF46003674C3 /* JNGradientLabel */,
				DD647F9E22AFC04B003674C3 /* Run SwiftLint */,
			);
		};
/* End PBXProject section */

/* Begin PBXResourcesBuildPhase section */
		DD647F7A22AFBF46003674C3 /* Resources */ = {
			isa = PBXResourcesBuildPhase;
			buildActionMask = 2147483647;
			files = (
			);
			runOnlyForDeploymentPostprocessing = 0;
		};
		DD647FAB22AFCA18003674C3 /* Resources */ = {
			isa = PBXResourcesBuildPhase;
			buildActionMask = 2147483647;
			files = (
				DD647FC022AFCACF003674C3 /* Images.xcassets in Resources */,
				DD647FBA22AFCA1A003674C3 /* LaunchScreen.storyboard in Resources */,
				DD647FB522AFCA18003674C3 /* Main.storyboard in Resources */,
			);
			runOnlyForDeploymentPostprocessing = 0;
		};
/* End PBXResourcesBuildPhase section */

/* Begin PBXShellScriptBuildPhase section */
		DD647FA222AFC04F003674C3 /* Run SwiftLint */ = {
			isa = PBXShellScriptBuildPhase;
			buildActionMask = 2147483647;
			files = (
			);
			inputFileListPaths = (
			);
			inputPaths = (
			);
			name = "Run SwiftLint";
			outputFileListPaths = (
			);
			outputPaths = (
			);
			runOnlyForDeploymentPostprocessing = 0;
			shellPath = /bin/sh;
			shellScript = "if which swiftlint >/dev/null; then\n    swiftlint\nelse\n    echo \"warning: SwiftLint not installed, download from https://github.com/realm/SwiftLint\"\nfi\n";
		};
/* End PBXShellScriptBuildPhase section */

/* Begin PBXSourcesBuildPhase section */
		DD647F7822AFBF46003674C3 /* Sources */ = {
			isa = PBXSourcesBuildPhase;
			buildActionMask = 2147483647;
			files = (
				DD647F8522AFBF71003674C3 /* JNGradientLabel.swift in Sources */,
			);
			runOnlyForDeploymentPostprocessing = 0;
		};
		DD647FA922AFCA18003674C3 /* Sources */ = {
			isa = PBXSourcesBuildPhase;
			buildActionMask = 2147483647;
			files = (
				DD647FB222AFCA18003674C3 /* ViewController.swift in Sources */,
				DD647FB022AFCA18003674C3 /* AppDelegate.swift in Sources */,
			);
			runOnlyForDeploymentPostprocessing = 0;
		};
/* End PBXSourcesBuildPhase section */

/* Begin PBXTargetDependency section */
		DD647FA422AFC074003674C3 /* PBXTargetDependency */ = {
			isa = PBXTargetDependency;
			target = DD647F9E22AFC04B003674C3 /* Run SwiftLint */;
			targetProxy = DD647FA322AFC074003674C3 /* PBXContainerItemProxy */;
		};
		DD647FC222AFCBFF003674C3 /* PBXTargetDependency */ = {
			isa = PBXTargetDependency;
			target = DD647F7B22AFBF46003674C3 /* JNGradientLabel */;
			targetProxy = DD647FC122AFCBFF003674C3 /* PBXContainerItemProxy */;
		};
/* End PBXTargetDependency section */

/* Begin PBXVariantGroup section */
		DD647FB322AFCA18003674C3 /* Main.storyboard */ = {
			isa = PBXVariantGroup;
			children = (
				DD647FB422AFCA18003674C3 /* Base */,
			);
			name = Main.storyboard;
			sourceTree = "<group>";
		};
		DD647FB822AFCA1A003674C3 /* LaunchScreen.storyboard */ = {
			isa = PBXVariantGroup;
			children = (
				DD647FB922AFCA1A003674C3 /* Base */,
			);
			name = LaunchScreen.storyboard;
			sourceTree = "<group>";
		};
/* End PBXVariantGroup section */

/* Begin XCBuildConfiguration section */
		607FACED1AFB9204008FA782 /* Debug */ = {
			isa = XCBuildConfiguration;
			buildSettings = {
				ALWAYS_SEARCH_USER_PATHS = NO;
				CLANG_CXX_LANGUAGE_STANDARD = "gnu++0x";
				CLANG_CXX_LIBRARY = "libc++";
				CLANG_ENABLE_MODULES = YES;
				CLANG_ENABLE_OBJC_ARC = YES;
				CLANG_WARN_BLOCK_CAPTURE_AUTORELEASING = YES;
				CLANG_WARN_BOOL_CONVERSION = YES;
				CLANG_WARN_COMMA = YES;
				CLANG_WARN_CONSTANT_CONVERSION = YES;
				CLANG_WARN_DEPRECATED_OBJC_IMPLEMENTATIONS = YES;
				CLANG_WARN_DIRECT_OBJC_ISA_USAGE = YES_ERROR;
				CLANG_WARN_EMPTY_BODY = YES;
				CLANG_WARN_ENUM_CONVERSION = YES;
				CLANG_WARN_INFINITE_RECURSION = YES;
				CLANG_WARN_INT_CONVERSION = YES;
				CLANG_WARN_NON_LITERAL_NULL_CONVERSION = YES;
				CLANG_WARN_OBJC_IMPLICIT_RETAIN_SELF = YES;
				CLANG_WARN_OBJC_LITERAL_CONVERSION = YES;
				CLANG_WARN_OBJC_ROOT_CLASS = YES_ERROR;
				CLANG_WARN_RANGE_LOOP_ANALYSIS = YES;
				CLANG_WARN_STRICT_PROTOTYPES = YES;
				CLANG_WARN_SUSPICIOUS_MOVE = YES;
				CLANG_WARN_UNREACHABLE_CODE = YES;
				CLANG_WARN__DUPLICATE_METHOD_MATCH = YES;
				"CODE_SIGN_IDENTITY[sdk=iphoneos*]" = "iPhone Developer";
				COPY_PHASE_STRIP = NO;
				DEBUG_INFORMATION_FORMAT = "dwarf-with-dsym";
				ENABLE_STRICT_OBJC_MSGSEND = YES;
				ENABLE_TESTABILITY = YES;
				GCC_C_LANGUAGE_STANDARD = gnu99;
				GCC_DYNAMIC_NO_PIC = NO;
				GCC_NO_COMMON_BLOCKS = YES;
				GCC_OPTIMIZATION_LEVEL = 0;
				GCC_PREPROCESSOR_DEFINITIONS = (
					"DEBUG=1",
					"$(inherited)",
				);
				GCC_SYMBOLS_PRIVATE_EXTERN = NO;
				GCC_WARN_64_TO_32_BIT_CONVERSION = YES;
				GCC_WARN_ABOUT_RETURN_TYPE = YES_ERROR;
				GCC_WARN_UNDECLARED_SELECTOR = YES;
				GCC_WARN_UNINITIALIZED_AUTOS = YES_AGGRESSIVE;
				GCC_WARN_UNUSED_FUNCTION = YES;
				GCC_WARN_UNUSED_VARIABLE = YES;
				IPHONEOS_DEPLOYMENT_TARGET = 8.0;
				MTL_ENABLE_DEBUG_INFO = YES;
				ONLY_ACTIVE_ARCH = YES;
				SDKROOT = iphoneos;
				SWIFT_OPTIMIZATION_LEVEL = "-Onone";
			};
			name = Debug;
		};
		607FACEE1AFB9204008FA782 /* Release */ = {
			isa = XCBuildConfiguration;
			buildSettings = {
				ALWAYS_SEARCH_USER_PATHS = NO;
				CLANG_CXX_LANGUAGE_STANDARD = "gnu++0x";
				CLANG_CXX_LIBRARY = "libc++";
				CLANG_ENABLE_MODULES = YES;
				CLANG_ENABLE_OBJC_ARC = YES;
				CLANG_WARN_BLOCK_CAPTURE_AUTORELEASING = YES;
				CLANG_WARN_BOOL_CONVERSION = YES;
				CLANG_WARN_COMMA = YES;
				CLANG_WARN_CONSTANT_CONVERSION = YES;
				CLANG_WARN_DEPRECATED_OBJC_IMPLEMENTATIONS = YES;
				CLANG_WARN_DIRECT_OBJC_ISA_USAGE = YES_ERROR;
				CLANG_WARN_EMPTY_BODY = YES;
				CLANG_WARN_ENUM_CONVERSION = YES;
				CLANG_WARN_INFINITE_RECURSION = YES;
				CLANG_WARN_INT_CONVERSION = YES;
				CLANG_WARN_NON_LITERAL_NULL_CONVERSION = YES;
				CLANG_WARN_OBJC_IMPLICIT_RETAIN_SELF = YES;
				CLANG_WARN_OBJC_LITERAL_CONVERSION = YES;
				CLANG_WARN_OBJC_ROOT_CLASS = YES_ERROR;
				CLANG_WARN_RANGE_LOOP_ANALYSIS = YES;
				CLANG_WARN_STRICT_PROTOTYPES = YES;
				CLANG_WARN_SUSPICIOUS_MOVE = YES;
				CLANG_WARN_UNREACHABLE_CODE = YES;
				CLANG_WARN__DUPLICATE_METHOD_MATCH = YES;
				"CODE_SIGN_IDENTITY[sdk=iphoneos*]" = "iPhone Developer";
				COPY_PHASE_STRIP = NO;
				DEBUG_INFORMATION_FORMAT = "dwarf-with-dsym";
				ENABLE_NS_ASSERTIONS = NO;
				ENABLE_STRICT_OBJC_MSGSEND = YES;
				GCC_C_LANGUAGE_STANDARD = gnu99;
				GCC_NO_COMMON_BLOCKS = YES;
				GCC_WARN_64_TO_32_BIT_CONVERSION = YES;
				GCC_WARN_ABOUT_RETURN_TYPE = YES_ERROR;
				GCC_WARN_UNDECLARED_SELECTOR = YES;
				GCC_WARN_UNINITIALIZED_AUTOS = YES_AGGRESSIVE;
				GCC_WARN_UNUSED_FUNCTION = YES;
				GCC_WARN_UNUSED_VARIABLE = YES;
				IPHONEOS_DEPLOYMENT_TARGET = 8.0;
				MTL_ENABLE_DEBUG_INFO = NO;
				SDKROOT = iphoneos;
				SWIFT_OPTIMIZATION_LEVEL = "-Owholemodule";
				VALIDATE_PRODUCT = YES;
			};
			name = Release;
		};
		DD647F8222AFBF46003674C3 /* Debug */ = {
			isa = XCBuildConfiguration;
			buildSettings = {
				CLANG_ANALYZER_NONNULL = YES;
				CLANG_ANALYZER_NUMBER_OBJECT_CONVERSION = YES_AGGRESSIVE;
				CLANG_CXX_LANGUAGE_STANDARD = "gnu++14";
				CLANG_ENABLE_MODULES = YES;
				CLANG_ENABLE_OBJC_WEAK = YES;
				CLANG_WARN_DOCUMENTATION_COMMENTS = YES;
				CLANG_WARN_UNGUARDED_AVAILABILITY = YES_AGGRESSIVE;
				CODE_SIGN_IDENTITY = "iPhone Developer";
				CODE_SIGN_STYLE = Automatic;
				CURRENT_PROJECT_VERSION = 1;
				DEBUG_INFORMATION_FORMAT = dwarf;
				DEFINES_MODULE = YES;
				DYLIB_COMPATIBILITY_VERSION = 1;
				DYLIB_CURRENT_VERSION = 1;
				DYLIB_INSTALL_NAME_BASE = "@rpath";
				GCC_C_LANGUAGE_STANDARD = gnu11;
				INFOPLIST_FILE = JNGradientLabel/Info.plist;
				INSTALL_PATH = "$(LOCAL_LIBRARY_DIR)/Frameworks";
				LD_RUNPATH_SEARCH_PATHS = "$(inherited) @executable_path/Frameworks @loader_path/Frameworks";
				MTL_ENABLE_DEBUG_INFO = INCLUDE_SOURCE;
				MTL_FAST_MATH = YES;
				PRODUCT_BUNDLE_IDENTIFIER = com.somerandomiosdev.jngradientlabel;
				PRODUCT_NAME = "$(TARGET_NAME:c99extidentifier)";
				SKIP_INSTALL = YES;
				SWIFT_ACTIVE_COMPILATION_CONDITIONS = DEBUG;
				SWIFT_OPTIMIZATION_LEVEL = "-Onone";
				SWIFT_VERSION = 5.0;
				TARGETED_DEVICE_FAMILY = "1,2";
				VERSIONING_SYSTEM = "apple-generic";
				VERSION_INFO_PREFIX = "";
			};
			name = Debug;
		};
		DD647F8322AFBF46003674C3 /* Release */ = {
			isa = XCBuildConfiguration;
			buildSettings = {
				CLANG_ANALYZER_NONNULL = YES;
				CLANG_ANALYZER_NUMBER_OBJECT_CONVERSION = YES_AGGRESSIVE;
				CLANG_CXX_LANGUAGE_STANDARD = "gnu++14";
				CLANG_ENABLE_MODULES = YES;
				CLANG_ENABLE_OBJC_WEAK = YES;
				CLANG_WARN_DOCUMENTATION_COMMENTS = YES;
				CLANG_WARN_UNGUARDED_AVAILABILITY = YES_AGGRESSIVE;
				CODE_SIGN_IDENTITY = "iPhone Developer";
				CODE_SIGN_STYLE = Automatic;
				CURRENT_PROJECT_VERSION = 1;
				DEFINES_MODULE = YES;
				DYLIB_COMPATIBILITY_VERSION = 1;
				DYLIB_CURRENT_VERSION = 1;
				DYLIB_INSTALL_NAME_BASE = "@rpath";
				GCC_C_LANGUAGE_STANDARD = gnu11;
				INFOPLIST_FILE = JNGradientLabel/Info.plist;
				INSTALL_PATH = "$(LOCAL_LIBRARY_DIR)/Frameworks";
				LD_RUNPATH_SEARCH_PATHS = "$(inherited) @executable_path/Frameworks @loader_path/Frameworks";
				MTL_FAST_MATH = YES;
				PRODUCT_BUNDLE_IDENTIFIER = com.somerandomiosdev.jngradientlabel;
				PRODUCT_NAME = "$(TARGET_NAME:c99extidentifier)";
				SKIP_INSTALL = YES;
				SWIFT_VERSION = 5.0;
				TARGETED_DEVICE_FAMILY = "1,2";
				VERSIONING_SYSTEM = "apple-generic";
				VERSION_INFO_PREFIX = "";
			};
			name = Release;
		};
		DD647FA022AFC04B003674C3 /* Debug */ = {
			isa = XCBuildConfiguration;
			buildSettings = {
				CODE_SIGN_STYLE = Automatic;
				PRODUCT_NAME = "$(TARGET_NAME)";
			};
			name = Debug;
		};
		DD647FA122AFC04B003674C3 /* Release */ = {
			isa = XCBuildConfiguration;
			buildSettings = {
				CODE_SIGN_STYLE = Automatic;
				PRODUCT_NAME = "$(TARGET_NAME)";
			};
			name = Release;
		};
		DD647FBD22AFCA1A003674C3 /* Debug */ = {
			isa = XCBuildConfiguration;
			buildSettings = {
				ALWAYS_EMBED_SWIFT_STANDARD_LIBRARIES = YES;
				ASSETCATALOG_COMPILER_APPICON_NAME = AppIcon;
				CLANG_ANALYZER_NONNULL = YES;
				CLANG_ANALYZER_NUMBER_OBJECT_CONVERSION = YES_AGGRESSIVE;
				CLANG_CXX_LANGUAGE_STANDARD = "gnu++14";
				CLANG_ENABLE_OBJC_WEAK = YES;
				CLANG_WARN_DOCUMENTATION_COMMENTS = YES;
				CLANG_WARN_UNGUARDED_AVAILABILITY = YES_AGGRESSIVE;
				CODE_SIGN_IDENTITY = "iPhone Developer";
				CODE_SIGN_STYLE = Automatic;
				DEBUG_INFORMATION_FORMAT = dwarf;
				GCC_C_LANGUAGE_STANDARD = gnu11;
				INFOPLIST_FILE = JNGradientLabelExample/Info.plist;
				LD_RUNPATH_SEARCH_PATHS = "$(inherited) @executable_path/Frameworks";
				MTL_ENABLE_DEBUG_INFO = INCLUDE_SOURCE;
				MTL_FAST_MATH = YES;
				PRODUCT_BUNDLE_IDENTIFIER = com.somerandomiosdev.jngradientlabelexample;
				PRODUCT_NAME = "$(TARGET_NAME)";
				SWIFT_ACTIVE_COMPILATION_CONDITIONS = DEBUG;
				SWIFT_VERSION = 5.0;
				TARGETED_DEVICE_FAMILY = "1,2";
			};
			name = Debug;
		};
		DD647FBE22AFCA1A003674C3 /* Release */ = {
			isa = XCBuildConfiguration;
			buildSettings = {
				ALWAYS_EMBED_SWIFT_STANDARD_LIBRARIES = YES;
				ASSETCATALOG_COMPILER_APPICON_NAME = AppIcon;
				CLANG_ANALYZER_NONNULL = YES;
				CLANG_ANALYZER_NUMBER_OBJECT_CONVERSION = YES_AGGRESSIVE;
				CLANG_CXX_LANGUAGE_STANDARD = "gnu++14";
				CLANG_ENABLE_OBJC_WEAK = YES;
				CLANG_WARN_DOCUMENTATION_COMMENTS = YES;
				CLANG_WARN_UNGUARDED_AVAILABILITY = YES_AGGRESSIVE;
				CODE_SIGN_IDENTITY = "iPhone Developer";
				CODE_SIGN_STYLE = Automatic;
				GCC_C_LANGUAGE_STANDARD = gnu11;
				INFOPLIST_FILE = JNGradientLabelExample/Info.plist;
				LD_RUNPATH_SEARCH_PATHS = "$(inherited) @executable_path/Frameworks";
				MTL_FAST_MATH = YES;
				PRODUCT_BUNDLE_IDENTIFIER = com.somerandomiosdev.jngradientlabelexample;
				PRODUCT_NAME = "$(TARGET_NAME)";
				SWIFT_VERSION = 5.0;
				TARGETED_DEVICE_FAMILY = "1,2";
			};
			name = Release;
		};
/* End XCBuildConfiguration section */

/* Begin XCConfigurationList section */
		607FACCB1AFB9204008FA782 /* Build configuration list for PBXProject "JNGradientLabel" */ = {
			isa = XCConfigurationList;
			buildConfigurations = (
				607FACED1AFB9204008FA782 /* Debug */,
				607FACEE1AFB9204008FA782 /* Release */,
			);
			defaultConfigurationIsVisible = 0;
			defaultConfigurationName = Release;
		};
		DD647F8122AFBF46003674C3 /* Build configuration list for PBXNativeTarget "JNGradientLabel" */ = {
			isa = XCConfigurationList;
			buildConfigurations = (
				DD647F8222AFBF46003674C3 /* Debug */,
				DD647F8322AFBF46003674C3 /* Release */,
			);
			defaultConfigurationIsVisible = 0;
			defaultConfigurationName = Release;
		};
		DD647F9F22AFC04B003674C3 /* Build configuration list for PBXAggregateTarget "Run SwiftLint" */ = {
			isa = XCConfigurationList;
			buildConfigurations = (
				DD647FA022AFC04B003674C3 /* Debug */,
				DD647FA122AFC04B003674C3 /* Release */,
			);
			defaultConfigurationIsVisible = 0;
			defaultConfigurationName = Release;
		};
		DD647FBC22AFCA1A003674C3 /* Build configuration list for PBXNativeTarget "JNGradientLabelExample" */ = {
			isa = XCConfigurationList;
			buildConfigurations = (
				DD647FBD22AFCA1A003674C3 /* Debug */,
				DD647FBE22AFCA1A003674C3 /* Release */,
			);
			defaultConfigurationIsVisible = 0;
			defaultConfigurationName = Release;
		};
/* End XCConfigurationList section */
	};
	rootObject = 607FACC81AFB9204008FA782 /* Project object */;
}
